
Microsoft Visual Studio Solution File, Format Version 11.00
# Visual Studio 2010
Project("{FAE04EC0-301F-11D3-BF4B-00C04F79EFBC}") = "ServiceStack.Web", "src\ServiceStack.Web\ServiceStack.Web.csproj", "{857477D5-4AC0-4641-8998-98D7C0BA3DE4}"
EndProject
Global
	GlobalSection(SolutionConfigurationPlatforms) = preSolution
		Debug|Any CPU = Debug|Any CPU
		Release|Any CPU = Release|Any CPU
	EndGlobalSection
	GlobalSection(ProjectConfigurationPlatforms) = postSolution
		{857477D5-4AC0-4641-8998-98D7C0BA3DE4}.Debug|Any CPU.ActiveCfg = Debug|Any CPU
		{857477D5-4AC0-4641-8998-98D7C0BA3DE4}.Debug|Any CPU.Build.0 = Debug|Any CPU
		{857477D5-4AC0-4641-8998-98D7C0BA3DE4}.Release|Any CPU.ActiveCfg = Release|Any CPU
		{857477D5-4AC0-4641-8998-98D7C0BA3DE4}.Release|Any CPU.Build.0 = Release|Any CPU
	EndGlobalSection
	GlobalSection(MonoDevelopProperties) = preSolution
		StartupItem = src\ServiceStack.Web\ServiceStack.Web.csproj
	EndGlobalSection
EndGlobal
